{
  "name": "demo",
  "version": "1.0.0",
  "lockfileVersion": 2,
  "requires": true,
  "packages": {
    "": {
      "name": "demo",
      "version": "1.0.0",
      "license": "ISC",
      "dependencies": {
        "@ldflex/async-iteration-handlers": "^1.1.1"
      }
    },
    "node_modules/@ldflex/async-iteration-handlers": {
      "version": "1.1.1",
      "resolved": "https://registry.npmjs.org/@ldflex/async-iteration-handlers/-/async-iteration-handlers-1.1.1.tgz",
      "integrity": "sha512-Q3ftsYiDvGbtix2obE0UNSFtQnHtL3O66pqsh3GOYwIMfOo6mBp7SLdrKUK55C4zPKKEB+klbkNa4iVN/cPQPw==",
      "dependencies": {
        "async": "^3.2.2"
      }
    },
    "node_modules/async": {
      "version": "3.2.4",
      "resolved": "https://registry.npmjs.org/async/-/async-3.2.4.tgz",
      "integrity": "sha512-iAB+JbDEGXhyIUavoDl9WP/Jj106Kz9DEn1DPgYw5ruDn0e3Wgi3sKFm55sASdGBNOQB8F59d9qQ7deqrHA8wQ=="
    }
  },
  "dependencies": {
    "@ldflex/async-iteration-handlers": {
      "version": "1.1.1",
      "resolved": "https://registry.npmjs.org/@ldflex/async-iteration-handlers/-/async-iteration-handlers-1.1.1.tgz",
      "integrity": "sha512-Q3ftsYiDvGbtix2obE0UNSFtQnHtL3O66pqsh3GOYwIMfOo6mBp7SLdrKUK55C4zPKKEB+klbkNa4iVN/cPQPw==",
      "requires": {
        "async": "^3.2.2"
      }
    },
    "async": {
      "version": "3.2.4",
      "resolved": "https://registry.npmjs.org/async/-/async-3.2.4.tgz",
      "integrity": "sha512-iAB+JbDEGXhyIUavoDl9WP/Jj106Kz9DEn1DPgYw5ruDn0e3Wgi3sKFm55sASdGBNOQB8F59d9qQ7deqrHA8wQ=="
    }
  }
}
